
Microsoft Visual Studio Solution File, Format Version 12.00
# Visual Studio Version 17
VisualStudioVersion = 17.14.36203.30 d17.14
MinimumVisualStudioVersion = 10.0.40219.1
Project("{FAE04EC0-301F-11D3-BF4B-00C04F79EFBC}") = "TransformFiles", "TransformFiles.csproj", "{C3439B23-CA9C-421F-9408-890C17D54CFA}"
EndProject
Global
	GlobalSection(SolutionConfigurationPlatforms) = preSolution
		Debug|Any CPU = Debug|Any CPU
		Release|Any CPU = Release|Any CPU
	EndGlobalSection
	GlobalSection(ProjectConfigurationPlatforms) = postSolution
		{C3439B23-CA9C-421F-9408-890C17D54CFA}.Debug|Any CPU.ActiveCfg = Debug|Any CPU
		{C3439B23-CA9C-421F-9408-890C17D54CFA}.Debug|Any CPU.Build.0 = Debug|Any CPU
		{C3439B23-CA9C-421F-9408-890C17D54CFA}.Release|Any CPU.ActiveCfg = Release|Any CPU
		{C3439B23-CA9C-421F-9408-890C17D54CFA}.Release|Any CPU.Build.0 = Release|Any CPU
	EndGlobalSection
	GlobalSection(SolutionProperties) = preSolution
		HideSolutionNode = FALSE
	EndGlobalSection
	GlobalSection(ExtensibilityGlobals) = postSolution
		SolutionGuid = {84F1DDCB-0360-45F1-955D-E93065F9190A}
	EndGlobalSection
EndGlobal
